
Microsoft Visual Studio Solution File, Format Version 12.00
# Visual Studio Version 16
VisualStudioVersion = 16.0.33529.622
MinimumVisualStudioVersion = 10.0.40219.1
Project("{FAE04EC0-301F-11D3-BF4B-00C04F79EFBC}") = "BuilderPattern", "BuilderPattern\BuilderPattern.csproj", "{1303FABC-EFD5-49A6-9B87-EC9267501BE7}"
EndProject
Project("{FAE04EC0-301F-11D3-BF4B-00C04F79EFBC}") = "Reporter", "Report\Reporter.csproj", "{DFD4EFC6-DB37-4169-80F2-5DA4B0DD4EAC}"
EndProject
Global
	GlobalSection(SolutionConfigurationPlatforms) = preSolution
		Debug|Any CPU = Debug|Any CPU
		Release|Any CPU = Release|Any CPU
	EndGlobalSection
	GlobalSection(ProjectConfigurationPlatforms) = postSolution
		{1303FABC-EFD5-49A6-9B87-EC9267501BE7}.Debug|Any CPU.ActiveCfg = Debug|Any CPU
		{1303FABC-EFD5-49A6-9B87-EC9267501BE7}.Debug|Any CPU.Build.0 = Debug|Any CPU
		{1303FABC-EFD5-49A6-9B87-EC9267501BE7}.Release|Any CPU.ActiveCfg = Release|Any CPU
		{1303FABC-EFD5-49A6-9B87-EC9267501BE7}.Release|Any CPU.Build.0 = Release|Any CPU
		{DFD4EFC6-DB37-4169-80F2-5DA4B0DD4EAC}.Debug|Any CPU.ActiveCfg = Debug|Any CPU
		{DFD4EFC6-DB37-4169-80F2-5DA4B0DD4EAC}.Debug|Any CPU.Build.0 = Debug|Any CPU
		{DFD4EFC6-DB37-4169-80F2-5DA4B0DD4EAC}.Release|Any CPU.ActiveCfg = Release|Any CPU
		{DFD4EFC6-DB37-4169-80F2-5DA4B0DD4EAC}.Release|Any CPU.Build.0 = Release|Any CPU
	EndGlobalSection
	GlobalSection(SolutionProperties) = preSolution
		HideSolutionNode = FALSE
	EndGlobalSection
	GlobalSection(ExtensibilityGlobals) = postSolution
		SolutionGuid = {9EE3FC80-F0D3-4E0E-8CA0-EB2D166F975B}
	EndGlobalSection
EndGlobal
